
Microsoft Visual Studio Solution File, Format Version 12.00
# Visual Studio Version 16
VisualStudioVersion = 16.0.31729.503
MinimumVisualStudioVersion = 10.0.40219.1
Project("{FAE04EC0-301F-11D3-BF4B-00C04F79EFBC}") = "CipulloPassswordGeneratorApp", "CipulloPassswordGeneratorApp\CipulloPassswordGeneratorApp.csproj", "{EF846116-D195-4A72-875E-682EAA7A6026}"
EndProject
Global
	GlobalSection(SolutionConfigurationPlatforms) = preSolution
		Debug|Any CPU = Debug|Any CPU
		Release|Any CPU = Release|Any CPU
	EndGlobalSection
	GlobalSection(ProjectConfigurationPlatforms) = postSolution
		{EF846116-D195-4A72-875E-682EAA7A6026}.Debug|Any CPU.ActiveCfg = Debug|Any CPU
		{EF846116-D195-4A72-875E-682EAA7A6026}.Debug|Any CPU.Build.0 = Debug|Any CPU
		{EF846116-D195-4A72-875E-682EAA7A6026}.Release|Any CPU.ActiveCfg = Release|Any CPU
		{EF846116-D195-4A72-875E-682EAA7A6026}.Release|Any CPU.Build.0 = Release|Any CPU
	EndGlobalSection
	GlobalSection(SolutionProperties) = preSolution
		HideSolutionNode = FALSE
	EndGlobalSection
	GlobalSection(ExtensibilityGlobals) = postSolution
		SolutionGuid = {785CD5A8-7A62-4A30-AF88-0D9D2E6B1875}
	EndGlobalSection
EndGlobal
